---
ID: "50f5870f-99ff-4748-aac0-d0ed6c79092f"
Parent: "d5ef7d1e-7896-4072-8c04-3a93e1885a06"
Template: "8e82ebad-c544-461c-93ba-29fd595eb5d6"
Path: "/sitecore/content/Tenant/TestXmCloud/home/generated/Felis-tristique/Page Components/Content Block"
Languages:
- Language: en
  Versions:
  - Version: 1
    Fields:
    - ID: "25bed78c-4957-4165-998a-ca1b52f67497"
      Hint: __Created
      Value: 20210510T222000Z
    - ID: "8cdc337e-a112-42fb-bbb4-4143751e123f"
      Hint: __Revision
      Value: "1ea5377c-cfb5-4e77-a1c7-8e8164c98d8c"
    - ID: "a8dc1994-17f1-4c72-96eb-cc0bc3633694"
      Hint: Content
      Value: |
        <p>Lorem ipsum felis adipiscing ullamcorper etiam varius fermentum pulvinar aenean nostra, etiam ut lorem rhoncus magna scelerisque fringilla dui metus, bibendum malesuada risus vestibulum ullamcorper suscipit dapibus at tincidunt congue dolor sit class eleifend aenean nunc est sit lacus.</p>
        <p>Torquent sagittis ut metus molestie nullam mattis viverra, interdum congue dolor scelerisque orci feugiat, class posuere ad maecenas faucibus lobortis sagittis metus habitant pellentesque mollis potenti.</p>
        <p>Adipiscing aliquam odio taciti sollicitudin in at vestibulum malesuada mollis.</p>
    - ID: "ae347872-b492-43f5-affd-0f5adc59bdd0"
      Hint: Heading
      Value: Felis tristique
    - ID: "badd9cf9-53e0-4d0c-bcc0-2d784c282f6a"
      Hint: __Updated by
      Value: |
        sitecore\Admin
    - ID: "d9cf14b1-fa16-4ba6-9288-e8a174d4d522"
      Hint: __Updated
      Value: 20210510T222001Z
