---
ID: "5113160e-b383-4eee-9145-977b5a8b0dc0"
Parent: "6c3af89a-f893-42c6-a958-b7ecf3100451"
Template: "8e82ebad-c544-461c-93ba-29fd595eb5d6"
Path: "/sitecore/content/Tenant/TestXmCloud/home/generated/Ut-vulputate-neque/Page Components/Content Block"
Languages:
- Language: en
  Versions:
  - Version: 1
    Fields:
    - ID: "25bed78c-4957-4165-998a-ca1b52f67497"
      Hint: __Created
      Value: 20210510T222015Z
    - ID: "8cdc337e-a112-42fb-bbb4-4143751e123f"
      Hint: __Revision
      Value: "9743979d-7f7b-4f15-a337-200ad9e4e43c"
    - ID: "a8dc1994-17f1-4c72-96eb-cc0bc3633694"
      Hint: Content
      Value: |
        <p>Lorem ipsum volutpat sed donec aliquam, placerat ad lectus placerat justo molestie, nostra tristique quisque ultricies.</p>
        <p>Primis etiam sagittis potenti lacinia nibh viverra ornare pulvinar erat vel ornare eget convallis, rhoncus fermentum aptent quam gravida nunc sem nec porttitor donec a ac dolor metus urna vehicula neque hac id non, litora mi in lorem elementum per proin orci, amet aenean amet diam hendrerit id.</p>
        <p>Euismod risus nibh ut purus congue urna, augue donec fusce cubilia et duis, vivamus feugiat massa justo ligula.</p>
    - ID: "ae347872-b492-43f5-affd-0f5adc59bdd0"
      Hint: Heading
      Value: Ut vulputate neque
    - ID: "badd9cf9-53e0-4d0c-bcc0-2d784c282f6a"
      Hint: __Updated by
      Value: |
        sitecore\Admin
    - ID: "d9cf14b1-fa16-4ba6-9288-e8a174d4d522"
      Hint: __Updated
      Value: 20210510T222016Z
