---
ID: "eb82e4f7-65e5-4ab1-b854-850b8a384387"
Parent: "4a5f4399-35ab-4a13-8d2c-5719abc9cf26"
Template: "8e82ebad-c544-461c-93ba-29fd595eb5d6"
Path: "/sitecore/content/Tenant/TestXmCloud/home/generated/Semper-vivamus-massa/Page Components/Content Block"
Languages:
- Language: en
  Versions:
  - Version: 1
    Fields:
    - ID: "25bed78c-4957-4165-998a-ca1b52f67497"
      Hint: __Created
      Value: 20210510T222059Z
    - ID: "8cdc337e-a112-42fb-bbb4-4143751e123f"
      Hint: __Revision
      Value: "10814478-8258-4024-87a3-c39796a32e2f"
    - ID: "a8dc1994-17f1-4c72-96eb-cc0bc3633694"
      Hint: Content
      Value: |
        <p>Lorem ipsum aptent ut duis lacinia vulputate lorem vitae at imperdiet quam fames.</p>
        <p>Enim odio rhoncus potenti tempor convallis class fusce felis rhoncus.</p>
        <p>Ipsum accumsan suspendisse tincidunt senectus proin turpis diam aenean felis eget fermentum morbi, non nunc molestie non felis laoreet dolor nam massa amet maecenas.</p>
    - ID: "ae347872-b492-43f5-affd-0f5adc59bdd0"
      Hint: Heading
      Value: Semper vivamus massa
    - ID: "badd9cf9-53e0-4d0c-bcc0-2d784c282f6a"
      Hint: __Updated by
      Value: |
        sitecore\Admin
    - ID: "d9cf14b1-fa16-4ba6-9288-e8a174d4d522"
      Hint: __Updated
      Value: 20210510T222059Z
