---
ID: "7fc4dd9a-dafc-435d-9016-531456ae6397"
Parent: "e471c13d-6a82-491c-8e10-56e82b5fd54f"
Template: "8e82ebad-c544-461c-93ba-29fd595eb5d6"
Path: "/sitecore/content/Tenant/TestXmCloud/home/generated/Pellentesque-massa-erat/Page Components/Content Block"
Languages:
- Language: en
  Versions:
  - Version: 1
    Fields:
    - ID: "25bed78c-4957-4165-998a-ca1b52f67497"
      Hint: __Created
      Value: 20210510T221957Z
    - ID: "8cdc337e-a112-42fb-bbb4-4143751e123f"
      Hint: __Revision
      Value: "9404eba1-09c2-4cc6-a5be-5816f04ac9ff"
    - ID: "a8dc1994-17f1-4c72-96eb-cc0bc3633694"
      Hint: Content
      Value: |
        <p>Lorem ipsum elementum consectetur nullam pellentesque quam nibh, ullamcorper sollicitudin donec accumsan tortor posuere praesent potenti, justo porttitor fringilla est dictum erat tempus lacinia aptent fames aenean consectetur ut mattis, tempus lacus cras sociosqu et placerat accumsan in, tristique mi lectus commodo dictum nam.</p>
        <p>Eros duis adipiscing netus nibh et, ut justo aliquam eu sapien pulvinar, elementum facilisis quam cras venenatis suscipit taciti quis torquent augue nec ullamcorper cursus auctor, amet vel eu mauris habitant aenean gravida sit sollicitudin nulla, curabitur sagittis semper vulputate eget lacus metus vivamus nunc volutpat accumsan conubia arcu est.</p>
        <p>Elementum aliquam rhoncus curae aliquam curae eu ullamcorper posuere, dictumst quisque integer inceptos ad congue velit, habitant massa nam ipsum feugiat interdum cubilia nunc laoreet odio iaculis morbi convallis mollis ante curae laoreet, per netus curae litora quis senectus per dui, convallis magna lacus suspendisse primis ornare venenatis felis.</p>
    - ID: "ae347872-b492-43f5-affd-0f5adc59bdd0"
      Hint: Heading
      Value: Pellentesque massa erat
    - ID: "badd9cf9-53e0-4d0c-bcc0-2d784c282f6a"
      Hint: __Updated by
      Value: |
        sitecore\Admin
    - ID: "d9cf14b1-fa16-4ba6-9288-e8a174d4d522"
      Hint: __Updated
      Value: 20210510T221958Z
