---
ID: "a9c7fdb1-06f2-4fee-a0b1-de04faef5f3d"
Parent: "78033d87-f63f-4bfa-bf29-266b6fb9f722"
Template: "8e82ebad-c544-461c-93ba-29fd595eb5d6"
Path: "/sitecore/content/Tenant/TestXmCloud/home/generated/Viverra-ultricies/Page Components/Content Block"
Languages:
- Language: en
  Versions:
  - Version: 1
    Fields:
    - ID: "25bed78c-4957-4165-998a-ca1b52f67497"
      Hint: __Created
      Value: 20210510T222023Z
    - ID: "8cdc337e-a112-42fb-bbb4-4143751e123f"
      Hint: __Revision
      Value: "5a916927-5176-4294-b6fd-b908a52ef201"
    - ID: "a8dc1994-17f1-4c72-96eb-cc0bc3633694"
      Hint: Content
      Value: |
        <p>Lorem ipsum justo amet aliquam conubia nec, ligula elit cras sollicitudin etiam aliquet tortor, nostra orci imperdiet donec fusce.</p>
        <p>Feugiat imperdiet ac hendrerit ut tempor interdum habitant ut quam condimentum maecenas, congue ornare cras nisi phasellus nostra suscipit rhoncus enim vehicula sollicitudin proin sagittis fusce neque donec hac, dolor nulla dolor nam justo sagittis, auctor mattis porttitor ullamcorper mi.</p>
        <p>Feugiat risus magna vel leo imperdiet dapibus maecenas convallis suspendisse mauris, nec sollicitudin urna interdum nulla dictum rutrum varius per, etiam adipiscing curabitur etiam sem leo facilisis posuere ante lacinia sagittis cubilia laoreet fames quam nibh sed aliquam quisque conubia purus sed.</p>
    - ID: "ae347872-b492-43f5-affd-0f5adc59bdd0"
      Hint: Heading
      Value: Viverra ultricies
    - ID: "badd9cf9-53e0-4d0c-bcc0-2d784c282f6a"
      Hint: __Updated by
      Value: |
        sitecore\Admin
    - ID: "d9cf14b1-fa16-4ba6-9288-e8a174d4d522"
      Hint: __Updated
      Value: 20210510T222024Z
