---
ID: "944ad98d-b9ea-4d4e-bbb0-3b941cecdd10"
Parent: "a1a70ff8-7a83-4c17-a344-3754fd2d907b"
Template: "8e82ebad-c544-461c-93ba-29fd595eb5d6"
Path: /sitecore/content/Tenant/Multi/home/Page Components/Content Block
Languages:
- Language: en
  Versions:
  - Version: 1
    Fields:
    - ID: "25bed78c-4957-4165-998a-ca1b52f67497"
      Hint: __Created
      Value: 20210512T214259Z
    - ID: "8cdc337e-a112-42fb-bbb4-4143751e123f"
      Hint: __Revision
      Value: "4c900553-9830-467e-a290-cc99051d4809"
    - ID: "a8dc1994-17f1-4c72-96eb-cc0bc3633694"
      Hint: Content
      Value: 
    - ID: "ae347872-b492-43f5-affd-0f5adc59bdd0"
      Hint: Heading
      Value: Welcome to E2E Multi
    - ID: "badd9cf9-53e0-4d0c-bcc0-2d784c282f6a"
      Hint: __Updated by
      Value: |
        sitecore\Admin
    - ID: "d9cf14b1-fa16-4ba6-9288-e8a174d4d522"
      Hint: __Updated
      Value: 20210512T215231Z
