---
ID: "e48dcb28-f0b0-4264-8229-4162f638804a"
Parent: "bc6d6434-f475-4981-bdea-c658adab3e2b"
Template: "8e82ebad-c544-461c-93ba-29fd595eb5d6"
Path: "/sitecore/content/Tenant/TestXmCloud/home/generated/Nam-tincidunt-sem-hendrerit/Page Components/Content Block"
Languages:
- Language: en
  Versions:
  - Version: 1
    Fields:
    - ID: "25bed78c-4957-4165-998a-ca1b52f67497"
      Hint: __Created
      Value: 20210510T222022Z
    - ID: "8cdc337e-a112-42fb-bbb4-4143751e123f"
      Hint: __Revision
      Value: "8cffe3ee-d3b1-4161-9adf-9f506ccddd2d"
    - ID: "a8dc1994-17f1-4c72-96eb-cc0bc3633694"
      Hint: Content
      Value: |
        <p>Lorem ipsum aenean eu leo tempus habitasse elit, interdum suscipit auctor luctus porttitor pretium feugiat, mi est adipiscing donec magna turpis sociosqu auctor non vehicula scelerisque.</p>
        <p>Posuere himenaeos euismod eget lacinia quis duis justo nam malesuada blandit tellus convallis diam sagittis accumsan primis nibh sociosqu potenti blandit fermentum, sit sollicitudin primis imperdiet suscipit congue iaculis dolor felis eros sociosqu adipiscing, nullam aenean praesent est sed vel primis magna porta vehicula taciti urna nisi tortor fames.</p>
        <p>Non dui posuere netus placerat urna sollicitudin interdum suspendisse, ac himenaeos molestie pharetra proin amet hac condimentum pellentesque, eu praesent nibh senectus ullamcorper aenean senectus nostra volutpat rhoncus congue libero tristique platea volutpat imperdiet ligula.</p>
    - ID: "ae347872-b492-43f5-affd-0f5adc59bdd0"
      Hint: Heading
      Value: Nam tincidunt sem hendrerit
    - ID: "badd9cf9-53e0-4d0c-bcc0-2d784c282f6a"
      Hint: __Updated by
      Value: |
        sitecore\Admin
    - ID: "d9cf14b1-fa16-4ba6-9288-e8a174d4d522"
      Hint: __Updated
      Value: 20210510T222023Z
