---
ID: "80541679-d94a-475e-84ff-1197166344ac"
Parent: "d32ffe50-5c23-478e-ba66-37c65d07d583"
Template: "8e82ebad-c544-461c-93ba-29fd595eb5d6"
Path: "/sitecore/content/Tenant/TestXmCloud/home/generated/Senectus-enim-nec/Page Components/Content Block"
Languages:
- Language: en
  Versions:
  - Version: 1
    Fields:
    - ID: "25bed78c-4957-4165-998a-ca1b52f67497"
      Hint: __Created
      Value: 20210510T222035Z
    - ID: "8cdc337e-a112-42fb-bbb4-4143751e123f"
      Hint: __Revision
      Value: "e6c4935a-d16c-4178-a8c8-117c2a277762"
    - ID: "a8dc1994-17f1-4c72-96eb-cc0bc3633694"
      Hint: Content
      Value: |
        <p>Lorem ipsum ante ultrices nulla arcu placerat consectetur, morbi quisque aenean placerat blandit facilisis, cursus habitant sit quisque himenaeos curabitur lorem diam imperdiet aenean fringilla egestas aliquam facilisis, nulla ultrices scelerisque cursus platea tortor ullamcorper, sollicitudin suspendisse nibh placerat mattis aenean.</p>
        <p>Aenean lacinia lobortis risus metus habitant rutrum pellentesque congue vivamus, est a nunc per litora condimentum turpis justo, luctus elementum hac curae pellentesque dictumst diam eros enim odio habitant est turpis sodales nisi ut id morbi nulla ullamcorper.</p>
        <p>Gravida per congue senectus magna faucibus cursus convallis in urna quisque, et nam neque egestas semper augue risus feugiat faucibus amet, vitae et adipiscing taciti laoreet curabitur suscipit molestie sapien metus nostra mollis nulla torquent consequat class curabitur litora condimentum quam, aliquam euismod porta ultricies eros a ipsum dui.</p>
    - ID: "ae347872-b492-43f5-affd-0f5adc59bdd0"
      Hint: Heading
      Value: Senectus enim nec
    - ID: "badd9cf9-53e0-4d0c-bcc0-2d784c282f6a"
      Hint: __Updated by
      Value: |
        sitecore\Admin
    - ID: "d9cf14b1-fa16-4ba6-9288-e8a174d4d522"
      Hint: __Updated
      Value: 20210510T222036Z
