---
ID: "5260ebe7-7a1d-4df1-86e3-79f23884cd52"
Parent: "edf437eb-0db4-491f-8ebf-a87509b678ec"
Template: "8e82ebad-c544-461c-93ba-29fd595eb5d6"
Path: "/sitecore/content/Tenant/TestXmCloud/home/generated/Fames-ultricies/Page Components/Content Block"
Languages:
- Language: en
  Versions:
  - Version: 1
    Fields:
    - ID: "25bed78c-4957-4165-998a-ca1b52f67497"
      Hint: __Created
      Value: 20210510T222054Z
    - ID: "8cdc337e-a112-42fb-bbb4-4143751e123f"
      Hint: __Revision
      Value: "353a3f37-3443-4467-944f-7d840ab6fb79"
    - ID: "a8dc1994-17f1-4c72-96eb-cc0bc3633694"
      Hint: Content
      Value: |
        <p>Lorem ipsum aliquet massa fusce rhoncus fringilla nibh diam pharetra vehicula neque sapien suscipit nibh habitant ultrices tristique libero tempus cursus feugiat rhoncus vitae inceptos nostra, sodales iaculis nostra porttitor ut suscipit taciti tincidunt volutpat placerat nam malesuada, morbi vitae donec magna dictumst curabitur himenaeos egestas litora elementum.</p>
        <p>Eget pharetra vehicula lacus ut velit pulvinar ad eget cras, torquent diam accumsan dictumst etiam mauris neque varius turpis primis, orci congue placerat sed lacinia aliquam senectus phasellus.</p>
        <p>Elementum vel iaculis maecenas aptent consectetur mollis, est ipsum tortor potenti libero, luctus dui class curae ipsum sodales semper pellentesque mi lobortis suscipit habitasse aptent rhoncus semper, morbi varius massa pulvinar odio vivamus hac curabitur curae pretium, velit quis suspendisse aptent nam fermentum metus mauris molestie magna cursus porta.</p>
    - ID: "ae347872-b492-43f5-affd-0f5adc59bdd0"
      Hint: Heading
      Value: Fames ultricies
    - ID: "badd9cf9-53e0-4d0c-bcc0-2d784c282f6a"
      Hint: __Updated by
      Value: |
        sitecore\Admin
    - ID: "d9cf14b1-fa16-4ba6-9288-e8a174d4d522"
      Hint: __Updated
      Value: 20210510T222055Z
