---
ID: "faf8c184-bae2-4a33-942a-bf28f7260520"
Parent: "b4284a05-d671-4a10-89f0-427a767cf3b9"
Template: "8e82ebad-c544-461c-93ba-29fd595eb5d6"
Path: "/sitecore/content/Tenant/TestXmCloud/home/generated/Leo-nisl-eget-amet/Page Components/Content Block"
Languages:
- Language: en
  Versions:
  - Version: 1
    Fields:
    - ID: "25bed78c-4957-4165-998a-ca1b52f67497"
      Hint: __Created
      Value: 20210510T222004Z
    - ID: "8cdc337e-a112-42fb-bbb4-4143751e123f"
      Hint: __Revision
      Value: "3b3f19e2-6cf3-4713-ae22-6dd38cccb3ab"
    - ID: "a8dc1994-17f1-4c72-96eb-cc0bc3633694"
      Hint: Content
      Value: |
        <p>Lorem ipsum consectetur tempor vehicula vivamus augue aenean ad suscipit aliquam arcu rutrum aliquam sodales consequat tellus donec adipiscing pellentesque turpis litora neque consectetur mauris.</p>
        <p>Rutrum taciti inceptos fermentum praesent molestie libero ligula ante, velit consequat porttitor inceptos maecenas tempus diam dictumst a, phasellus ac mauris iaculis at duis fermentum.</p>
        <p>Ultricies hendrerit fusce ac sem per pellentesque interdum lacinia, eleifend etiam malesuada aliquam quis quisque duis facilisis, dictum tellus imperdiet nec donec augue donec habitasse cubilia senectus non interdum gravida mollis torquent facilisis quisque, id elit nisi curabitur maecenas euismod nostra consectetur, eu senectus habitant vulputate sollicitudin viverra tortor iaculis.</p>
    - ID: "ae347872-b492-43f5-affd-0f5adc59bdd0"
      Hint: Heading
      Value: Leo nisl eget amet
    - ID: "badd9cf9-53e0-4d0c-bcc0-2d784c282f6a"
      Hint: __Updated by
      Value: |
        sitecore\Admin
    - ID: "d9cf14b1-fa16-4ba6-9288-e8a174d4d522"
      Hint: __Updated
      Value: 20210510T222005Z
