---
ID: "c2f96227-dc80-4a25-8057-d75563a6eab2"
Parent: "85b9dadb-d615-4d4d-8589-99221bdb0c3f"
Template: "8e82ebad-c544-461c-93ba-29fd595eb5d6"
Path: "/sitecore/content/Tenant/TestXmCloud/home/generated/Convallis-enim-fermentum/Page Components/Content Block"
Languages:
- Language: en
  Versions:
  - Version: 1
    Fields:
    - ID: "25bed78c-4957-4165-998a-ca1b52f67497"
      Hint: __Created
      Value: 20210510T222009Z
    - ID: "8cdc337e-a112-42fb-bbb4-4143751e123f"
      Hint: __Revision
      Value: "8db9350a-cd45-472e-9393-be842b93996b"
    - ID: "a8dc1994-17f1-4c72-96eb-cc0bc3633694"
      Hint: Content
      Value: |
        <p>Lorem ipsum metus egestas nullam neque taciti etiam, interdum leo ante augue aliquam scelerisque, phasellus ad donec vestibulum odio eros viverra iaculis mi nec egestas vulputate at interdum ad mi pretium.</p>
        <p>Vehicula fames sagittis nam condimentum ornare torquent at lorem habitant, condimentum tempus nibh cursus amet ac tempor pharetra facilisis volutpat vestibulum nisi cubilia aliquam consectetur fusce, rutrum nam orci sodales porttitor a ante nunc, pellentesque torquent consequat netus orci donec suspendisse.</p>
        <p>Per rhoncus fusce diam taciti tempor fermentum sit dapibus vitae, nullam lacus nulla euismod neque mauris eu sodales aenean, at rutrum at hendrerit dictumst aliquam curabitur non euismod consectetur vitae non duis ultricies himenaeos lacus lacinia suspendisse donec himenaeos.</p>
    - ID: "ae347872-b492-43f5-affd-0f5adc59bdd0"
      Hint: Heading
      Value: Convallis enim fermentum
    - ID: "badd9cf9-53e0-4d0c-bcc0-2d784c282f6a"
      Hint: __Updated by
      Value: |
        sitecore\Admin
    - ID: "d9cf14b1-fa16-4ba6-9288-e8a174d4d522"
      Hint: __Updated
      Value: 20210510T222010Z
